
Microsoft Visual Studio Solution File, Format Version 12.00
# Visual Studio Version 17
VisualStudioVersion = 17.9.34622.214
MinimumVisualStudioVersion = 10.0.40219.1
Project("{FAE04EC0-301F-11D3-BF4B-00C04F79EFBC}") = "Shopping", "Shopping\Shopping.csproj", "{062F5865-F407-4E0E-B585-3B7827B9D04A}"
EndProject
Global
	GlobalSection(SolutionConfigurationPlatforms) = preSolution
		Debug|Any CPU = Debug|Any CPU
		Release|Any CPU = Release|Any CPU
	EndGlobalSection
	GlobalSection(ProjectConfigurationPlatforms) = postSolution
		{062F5865-F407-4E0E-B585-3B7827B9D04A}.Debug|Any CPU.ActiveCfg = Debug|Any CPU
		{062F5865-F407-4E0E-B585-3B7827B9D04A}.Debug|Any CPU.Build.0 = Debug|Any CPU
		{062F5865-F407-4E0E-B585-3B7827B9D04A}.Release|Any CPU.ActiveCfg = Release|Any CPU
		{062F5865-F407-4E0E-B585-3B7827B9D04A}.Release|Any CPU.Build.0 = Release|Any CPU
	EndGlobalSection
	GlobalSection(SolutionProperties) = preSolution
		HideSolutionNode = FALSE
	EndGlobalSection
	GlobalSection(ExtensibilityGlobals) = postSolution
		SolutionGuid = {ED3C782D-FE42-4175-BB99-F7F29F25FD21}
	EndGlobalSection
EndGlobal
